
Microsoft Visual Studio Solution File, Format Version 12.00
# Visual Studio 15
VisualStudioVersion = 15.0.28010.2016
MinimumVisualStudioVersion = 10.0.40219.1
Project("{8BC9CEB8-8B4A-11D0-8D11-00A0C91BC942}") = "openGL_03", "openGL_03\openGL_03.vcxproj", "{7A7B6990-9900-4BE9-AD2A-F6694731EC59}"
EndProject
Global
	GlobalSection(SolutionConfigurationPlatforms) = preSolution
		Debug|x64 = Debug|x64
		Debug|x86 = Debug|x86
		Release|x64 = Release|x64
		Release|x86 = Release|x86
	EndGlobalSection
	GlobalSection(ProjectConfigurationPlatforms) = postSolution
		{7A7B6990-9900-4BE9-AD2A-F6694731EC59}.Debug|x64.ActiveCfg = Debug|x64
		{7A7B6990-9900-4BE9-AD2A-F6694731EC59}.Debug|x64.Build.0 = Debug|x64
		{7A7B6990-9900-4BE9-AD2A-F6694731EC59}.Debug|x86.ActiveCfg = Debug|Win32
		{7A7B6990-9900-4BE9-AD2A-F6694731EC59}.Debug|x86.Build.0 = Debug|Win32
		{7A7B6990-9900-4BE9-AD2A-F6694731EC59}.Release|x64.ActiveCfg = Release|x64
		{7A7B6990-9900-4BE9-AD2A-F6694731EC59}.Release|x64.Build.0 = Release|x64
		{7A7B6990-9900-4BE9-AD2A-F6694731EC59}.Release|x86.ActiveCfg = Release|Win32
		{7A7B6990-9900-4BE9-AD2A-F6694731EC59}.Release|x86.Build.0 = Release|Win32
	EndGlobalSection
	GlobalSection(SolutionProperties) = preSolution
		HideSolutionNode = FALSE
	EndGlobalSection
	GlobalSection(ExtensibilityGlobals) = postSolution
		SolutionGuid = {BA520E13-2F49-4CEF-B446-FA990D04F938}
	EndGlobalSection
EndGlobal
